
Microsoft Visual Studio Solution File, Format Version 12.00
# Visual Studio Version 16
VisualStudioVersion = 16.0.31605.320
MinimumVisualStudioVersion = 10.0.40219.1
Project("{FAE04EC0-301F-11D3-BF4B-00C04F79EFBC}") = "Web_interface", "Web_interface\Web_interface.csproj", "{28008DAD-0BB8-47A0-BC34-450E0A1B8B2F}"
EndProject
Global
	GlobalSection(SolutionConfigurationPlatforms) = preSolution
		Debug|Any CPU = Debug|Any CPU
		Release|Any CPU = Release|Any CPU
	EndGlobalSection
	GlobalSection(ProjectConfigurationPlatforms) = postSolution
		{28008DAD-0BB8-47A0-BC34-450E0A1B8B2F}.Debug|Any CPU.ActiveCfg = Debug|Any CPU
		{28008DAD-0BB8-47A0-BC34-450E0A1B8B2F}.Debug|Any CPU.Build.0 = Debug|Any CPU
		{28008DAD-0BB8-47A0-BC34-450E0A1B8B2F}.Release|Any CPU.ActiveCfg = Release|Any CPU
		{28008DAD-0BB8-47A0-BC34-450E0A1B8B2F}.Release|Any CPU.Build.0 = Release|Any CPU
	EndGlobalSection
	GlobalSection(SolutionProperties) = preSolution
		HideSolutionNode = FALSE
	EndGlobalSection
	GlobalSection(ExtensibilityGlobals) = postSolution
		SolutionGuid = {4DADF7A5-A2CF-46BC-BE3D-DF03A82729EE}
	EndGlobalSection
EndGlobal
